
Microsoft Visual Studio Solution File, Format Version 12.00
# Visual Studio 15
VisualStudioVersion = 15.0.27703.2018
MinimumVisualStudioVersion = 10.0.40219.1
Project("{FAE04EC0-301F-11D3-BF4B-00C04F79EFBC}") = "Lattice1Tests", "Lattice1Tests\Lattice1Tests.csproj", "{B18F4277-7381-48C4-B437-DFBC8ED47489}"
EndProject
Project("{FAE04EC0-301F-11D3-BF4B-00C04F79EFBC}") = "Lattice1", "Lattice1\Lattice1.csproj", "{39D8D00F-75DD-43A0-B942-2FC63F39A860}"
EndProject
Project("{FAE04EC0-301F-11D3-BF4B-00C04F79EFBC}") = "Measure", "Measure\Measure.csproj", "{74F9B3B5-BD9C-4325-9D9E-B6564ED35EE2}"
EndProject
Global
	GlobalSection(SolutionConfigurationPlatforms) = preSolution
		Debug|Any CPU = Debug|Any CPU
		Release|Any CPU = Release|Any CPU
	EndGlobalSection
	GlobalSection(ProjectConfigurationPlatforms) = postSolution
		{B18F4277-7381-48C4-B437-DFBC8ED47489}.Debug|Any CPU.ActiveCfg = Debug|Any CPU
		{B18F4277-7381-48C4-B437-DFBC8ED47489}.Debug|Any CPU.Build.0 = Debug|Any CPU
		{B18F4277-7381-48C4-B437-DFBC8ED47489}.Release|Any CPU.ActiveCfg = Release|Any CPU
		{B18F4277-7381-48C4-B437-DFBC8ED47489}.Release|Any CPU.Build.0 = Release|Any CPU
		{39D8D00F-75DD-43A0-B942-2FC63F39A860}.Debug|Any CPU.ActiveCfg = Debug|Any CPU
		{39D8D00F-75DD-43A0-B942-2FC63F39A860}.Debug|Any CPU.Build.0 = Debug|Any CPU
		{39D8D00F-75DD-43A0-B942-2FC63F39A860}.Release|Any CPU.ActiveCfg = Release|Any CPU
		{39D8D00F-75DD-43A0-B942-2FC63F39A860}.Release|Any CPU.Build.0 = Release|Any CPU
		{74F9B3B5-BD9C-4325-9D9E-B6564ED35EE2}.Debug|Any CPU.ActiveCfg = Debug|Any CPU
		{74F9B3B5-BD9C-4325-9D9E-B6564ED35EE2}.Debug|Any CPU.Build.0 = Debug|Any CPU
		{74F9B3B5-BD9C-4325-9D9E-B6564ED35EE2}.Release|Any CPU.ActiveCfg = Release|Any CPU
		{74F9B3B5-BD9C-4325-9D9E-B6564ED35EE2}.Release|Any CPU.Build.0 = Release|Any CPU
	EndGlobalSection
	GlobalSection(SolutionProperties) = preSolution
		HideSolutionNode = FALSE
	EndGlobalSection
	GlobalSection(ExtensibilityGlobals) = postSolution
		SolutionGuid = {B526ECBA-8495-4B6F-BF5E-6641060309B7}
	EndGlobalSection
EndGlobal
